
Microsoft Visual Studio Solution File, Format Version 12.00
# Visual Studio Version 16
VisualStudioVersion = 16.0.31105.61
MinimumVisualStudioVersion = 10.0.40219.1
Project("{9A19103F-16F7-4668-BE54-9A1E7A4F7556}") = "Covea", "Covea\Covea.csproj", "{6A535389-595C-4035-B664-5AFE09F88D92}"
EndProject
Project("{9A19103F-16F7-4668-BE54-9A1E7A4F7556}") = "Covea.Library", "Covea.Library\Covea.Library.csproj", "{368E2AFC-5643-4A74-92B5-D815782A73A4}"
EndProject
Project("{FAE04EC0-301F-11D3-BF4B-00C04F79EFBC}") = "Covea.Library.Tests", "Covea.Library.Tests\Covea.Library.Tests.csproj", "{9759B875-C54C-4EC0-87AB-03405CF30960}"
EndProject
Global
	GlobalSection(SolutionConfigurationPlatforms) = preSolution
		Debug|Any CPU = Debug|Any CPU
		Release|Any CPU = Release|Any CPU
	EndGlobalSection
	GlobalSection(ProjectConfigurationPlatforms) = postSolution
		{6A535389-595C-4035-B664-5AFE09F88D92}.Debug|Any CPU.ActiveCfg = Debug|Any CPU
		{6A535389-595C-4035-B664-5AFE09F88D92}.Debug|Any CPU.Build.0 = Debug|Any CPU
		{6A535389-595C-4035-B664-5AFE09F88D92}.Release|Any CPU.ActiveCfg = Release|Any CPU
		{6A535389-595C-4035-B664-5AFE09F88D92}.Release|Any CPU.Build.0 = Release|Any CPU
		{368E2AFC-5643-4A74-92B5-D815782A73A4}.Debug|Any CPU.ActiveCfg = Debug|Any CPU
		{368E2AFC-5643-4A74-92B5-D815782A73A4}.Debug|Any CPU.Build.0 = Debug|Any CPU
		{368E2AFC-5643-4A74-92B5-D815782A73A4}.Release|Any CPU.ActiveCfg = Release|Any CPU
		{368E2AFC-5643-4A74-92B5-D815782A73A4}.Release|Any CPU.Build.0 = Release|Any CPU
		{9759B875-C54C-4EC0-87AB-03405CF30960}.Debug|Any CPU.ActiveCfg = Debug|Any CPU
		{9759B875-C54C-4EC0-87AB-03405CF30960}.Debug|Any CPU.Build.0 = Debug|Any CPU
		{9759B875-C54C-4EC0-87AB-03405CF30960}.Release|Any CPU.ActiveCfg = Release|Any CPU
		{9759B875-C54C-4EC0-87AB-03405CF30960}.Release|Any CPU.Build.0 = Release|Any CPU
	EndGlobalSection
	GlobalSection(SolutionProperties) = preSolution
		HideSolutionNode = FALSE
	EndGlobalSection
	GlobalSection(ExtensibilityGlobals) = postSolution
		SolutionGuid = {446B2F40-0F10-46F9-BC63-F74E5CF7DE96}
	EndGlobalSection
EndGlobal
